
Microsoft Visual Studio Solution File, Format Version 12.00
# Visual Studio Version 17
VisualStudioVersion = 17.8.34330.188
MinimumVisualStudioVersion = 10.0.40219.1
Project("{FAE04EC0-301F-11D3-BF4B-00C04F79EFBC}") = "Symetric_n_Asy", "Symetric_n_Asy.csproj", "{CB2259B3-C922-4198-8747-450739974766}"
EndProject
Project("{FAE04EC0-301F-11D3-BF4B-00C04F79EFBC}") = "Hashing_Password", "..\Hashing_Password\Hashing_Password.csproj", "{9742633F-BF3F-4EE7-8745-89CB8189FB60}"
EndProject
Global
	GlobalSection(SolutionConfigurationPlatforms) = preSolution
		Debug|Any CPU = Debug|Any CPU
		Release|Any CPU = Release|Any CPU
	EndGlobalSection
	GlobalSection(ProjectConfigurationPlatforms) = postSolution
		{CB2259B3-C922-4198-8747-450739974766}.Debug|Any CPU.ActiveCfg = Debug|Any CPU
		{CB2259B3-C922-4198-8747-450739974766}.Debug|Any CPU.Build.0 = Debug|Any CPU
		{CB2259B3-C922-4198-8747-450739974766}.Release|Any CPU.ActiveCfg = Release|Any CPU
		{CB2259B3-C922-4198-8747-450739974766}.Release|Any CPU.Build.0 = Release|Any CPU
		{9742633F-BF3F-4EE7-8745-89CB8189FB60}.Debug|Any CPU.ActiveCfg = Debug|Any CPU
		{9742633F-BF3F-4EE7-8745-89CB8189FB60}.Debug|Any CPU.Build.0 = Debug|Any CPU
		{9742633F-BF3F-4EE7-8745-89CB8189FB60}.Release|Any CPU.ActiveCfg = Release|Any CPU
		{9742633F-BF3F-4EE7-8745-89CB8189FB60}.Release|Any CPU.Build.0 = Release|Any CPU
	EndGlobalSection
	GlobalSection(SolutionProperties) = preSolution
		HideSolutionNode = FALSE
	EndGlobalSection
	GlobalSection(ExtensibilityGlobals) = postSolution
		SolutionGuid = {C356E966-81AB-4059-A66A-52294578D873}
	EndGlobalSection
EndGlobal
